// !$*UTF8*$!
{
	archiveVersion = 1;
	classes = {
	};
	objectVersion = 46;
	objects = {

/* Begin PBXBuildFile section */
		CF0F598A1E2EC04900302C28 /* MemeTableViewController.swift in Sources */ = {isa = PBXBuildFile; fileRef = CF0F59891E2EC04900302C28 /* MemeTableViewController.swift */; };
		CF0F598C1E2EC16600302C28 /* MemeTableCell.swift in Sources */ = {isa = PBXBuildFile; fileRef = CF0F598B1E2EC16600302C28 /* MemeTableCell.swift */; };
		CF88026D1DF1BBA9004504C0 /* TopTxtDelegate.swift in Sources */ = {isa = PBXBuildFile; fileRef = CF88026C1DF1BBA9004504C0 /* TopTxtDelegate.swift */; };
		CF88026F1DF1BF24004504C0 /* BottomTxtDelegate.swift in Sources */ = {isa = PBXBuildFile; fileRef = CF88026E1DF1BF24004504C0 /* BottomTxtDelegate.swift */; };
		CF8F5D321E2D4D790099F569 /* MemeCollectionViewController.swift in Sources */ = {isa = PBXBuildFile; fileRef = CF8F5D311E2D4D790099F569 /* MemeCollectionViewController.swift */; };
		CF8F5D341E2D53EF0099F569 /* MemeCollectionCell.swift in Sources */ = {isa = PBXBuildFile; fileRef = CF8F5D331E2D53EF0099F569 /* MemeCollectionCell.swift */; };
		CF9C55201DF749DA009567AE /* MemeImage.swift in Sources */ = {isa = PBXBuildFile; fileRef = CF9C551F1DF749DA009567AE /* MemeImage.swift */; };
		CFD844DD1DEF689E009E05C3 /* AppDelegate.swift in Sources */ = {isa = PBXBuildFile; fileRef = CFD844DC1DEF689E009E05C3 /* AppDelegate.swift */; };
		CFD844DF1DEF689E009E05C3 /* MemeEditorViewController.swift in Sources */ = {isa = PBXBuildFile; fileRef = CFD844DE1DEF689E009E05C3 /* MemeEditorViewController.swift */; };
		CFD844E21DEF689E009E05C3 /* Main.storyboard in Resources */ = {isa = PBXBuildFile; fileRef = CFD844E01DEF689E009E05C3 /* Main.storyboard */; };
		CFD844E71DEF689E009E05C3 /* Assets.xcassets in Resources */ = {isa = PBXBuildFile; fileRef = CFD844E61DEF689E009E05C3 /* Assets.xcassets */; };
		CFD844EA1DEF689E009E05C3 /* LaunchScreen.storyboard in Resources */ = {isa = PBXBuildFile; fileRef = CFD844E81DEF689E009E05C3 /* LaunchScreen.storyboard */; };
/* End PBXBuildFile section */

/* Begin PBXFileReference section */
		CF0F59891E2EC04900302C28 /* MemeTableViewController.swift */ = {isa = PBXFileReference; fileEncoding = 4; lastKnownFileType = sourcecode.swift; path = MemeTableViewController.swift; sourceTree = "<group>"; };
		CF0F598B1E2EC16600302C28 /* MemeTableCell.swift */ = {isa = PBXFileReference; fileEncoding = 4; lastKnownFileType = sourcecode.swift; path = MemeTableCell.swift; sourceTree = "<group>"; };
		CF88026C1DF1BBA9004504C0 /* TopTxtDelegate.swift */ = {isa = PBXFileReference; fileEncoding = 4; lastKnownFileType = sourcecode.swift; path = TopTxtDelegate.swift; sourceTree = "<group>"; };
		CF88026E1DF1BF24004504C0 /* BottomTxtDelegate.swift */ = {isa = PBXFileReference; fileEncoding = 4; lastKnownFileType = sourcecode.swift; path = BottomTxtDelegate.swift; sourceTree = "<group>"; };
		CF8F5D311E2D4D790099F569 /* MemeCollectionViewController.swift */ = {isa = PBXFileReference; fileEncoding = 4; lastKnownFileType = sourcecode.swift; path = MemeCollectionViewController.swift; sourceTree = "<group>"; };
		CF8F5D331E2D53EF0099F569 /* MemeCollectionCell.swift */ = {isa = PBXFileReference; fileEncoding = 4; lastKnownFileType = sourcecode.swift; path = MemeCollectionCell.swift; sourceTree = "<group>"; };
		CF9C551F1DF749DA009567AE /* MemeImage.swift */ = {isa = PBXFileReference; fileEncoding = 4; lastKnownFileType = sourcecode.swift; path = MemeImage.swift; sourceTree = "<group>"; };
		CFD844D91DEF689E009E05C3 /* MemeMe-2_0.app */ = {isa = PBXFileReference; explicitFileType = wrapper.application; includeInIndex = 0; path = "MemeMe-2_0.app"; sourceTree = BUILT_PRODUCTS_DIR; };
		CFD844DC1DEF689E009E05C3 /* AppDelegate.swift */ = {isa = PBXFileReference; lastKnownFileType = sourcecode.swift; path = AppDelegate.swift; sourceTree = "<group>"; };
		CFD844DE1DEF689E009E05C3 /* MemeEditorViewController.swift */ = {isa = PBXFileReference; lastKnownFileType = sourcecode.swift; path = MemeEditorViewController.swift; sourceTree = "<group>"; };
		CFD844E11DEF689E009E05C3 /* Base */ = {isa = PBXFileReference; lastKnownFileType = file.storyboard; name = Base; path = Base.lproj/Main.storyboard; sourceTree = "<group>"; };
		CFD844E61DEF689E009E05C3 /* Assets.xcassets */ = {isa = PBXFileReference; lastKnownFileType = folder.assetcatalog; path = Assets.xcassets; sourceTree = "<group>"; };
		CFD844E91DEF689E009E05C3 /* Base */ = {isa = PBXFileReference; lastKnownFileType = file.storyboard; name = Base; path = Base.lproj/LaunchScreen.storyboard; sourceTree = "<group>"; };
		CFD844EB1DEF689E009E05C3 /* Info.plist */ = {isa = PBXFileReference; lastKnownFileType = text.plist.xml; path = Info.plist; sourceTree = "<group>"; };
/* End PBXFileReference section */

/* Begin PBXFrameworksBuildPhase section */
		CFD844D61DEF689D009E05C3 /* Frameworks */ = {
			isa = PBXFrameworksBuildPhase;
			buildActionMask = 2147483647;
			files = (
			);
			runOnlyForDeploymentPostprocessing = 0;
		};
/* End PBXFrameworksBuildPhase section */

/* Begin PBXGroup section */
		CFD844D01DEF689D009E05C3 = {
			isa = PBXGroup;
			children = (
				CFD844DB1DEF689E009E05C3 /* MemeMe-2_0 */,
				CFD844DA1DEF689E009E05C3 /* Products */,
			);
			sourceTree = "<group>";
		};
		CFD844DA1DEF689E009E05C3 /* Products */ = {
			isa = PBXGroup;
			children = (
				CFD844D91DEF689E009E05C3 /* MemeMe-2_0.app */,
			);
			name = Products;
			sourceTree = "<group>";
		};
		CFD844DB1DEF689E009E05C3 /* MemeMe-2_0 */ = {
			isa = PBXGroup;
			children = (
				CFD844DC1DEF689E009E05C3 /* AppDelegate.swift */,
				CFD844DE1DEF689E009E05C3 /* MemeEditorViewController.swift */,
				CFD844E01DEF689E009E05C3 /* Main.storyboard */,
				CFD844E61DEF689E009E05C3 /* Assets.xcassets */,
				CFD844E81DEF689E009E05C3 /* LaunchScreen.storyboard */,
				CFD844EB1DEF689E009E05C3 /* Info.plist */,
				CF88026C1DF1BBA9004504C0 /* TopTxtDelegate.swift */,
				CF88026E1DF1BF24004504C0 /* BottomTxtDelegate.swift */,
				CF9C551F1DF749DA009567AE /* MemeImage.swift */,
				CF8F5D311E2D4D790099F569 /* MemeCollectionViewController.swift */,
				CF8F5D331E2D53EF0099F569 /* MemeCollectionCell.swift */,
				CF0F59891E2EC04900302C28 /* MemeTableViewController.swift */,
				CF0F598B1E2EC16600302C28 /* MemeTableCell.swift */,
			);
			path = "MemeMe-2_0";
			sourceTree = "<group>";
		};
/* End PBXGroup section */

/* Begin PBXNativeTarget section */
		CFD844D81DEF689D009E05C3 /* MemeMe-2_0 */ = {
			isa = PBXNativeTarget;
			buildConfigurationList = CFD844EE1DEF689E009E05C3 /* Build configuration list for PBXNativeTarget "MemeMe-2_0" */;
			buildPhases = (
				CFD844D51DEF689D009E05C3 /* Sources */,
				CFD844D61DEF689D009E05C3 /* Frameworks */,
				CFD844D71DEF689D009E05C3 /* Resources */,
			);
			buildRules = (
			);
			dependencies = (
			);
			name = "MemeMe-2_0";
			productName = "MemeMe-2_0";
			productReference = CFD844D91DEF689E009E05C3 /* MemeMe-2_0.app */;
			productType = "com.apple.product-type.application";
		};
/* End PBXNativeTarget section */

/* Begin PBXProject section */
		CFD844D11DEF689D009E05C3 /* Project object */ = {
			isa = PBXProject;
			attributes = {
				LastSwiftUpdateCheck = 0800;
				LastUpgradeCheck = 0820;
				ORGANIZATIONNAME = "Mike Huffaker";
				TargetAttributes = {
					CFD844D81DEF689D009E05C3 = {
						CreatedOnToolsVersion = 8.0;
						DevelopmentTeam = JPBHGPUH5K;
						ProvisioningStyle = Automatic;
					};
				};
			};
			buildConfigurationList = CFD844D41DEF689D009E05C3 /* Build configuration list for PBXProject "MemeMe-2_0" */;
			compatibilityVersion = "Xcode 3.2";
			developmentRegion = English;
			hasScannedForEncodings = 0;
			knownRegions = (
				en,
				Base,
			);
			mainGroup = CFD844D01DEF689D009E05C3;
			productRefGroup = CFD844DA1DEF689E009E05C3 /* Products */;
			projectDirPath = "";
			projectRoot = "";
			targets = (
				CFD844D81DEF689D009E05C3 /* MemeMe-2_0 */,
			);
		};
/* End PBXProject section */

/* Begin PBXResourcesBuildPhase section */
		CFD844D71DEF689D009E05C3 /* Resources */ = {
			isa = PBXResourcesBuildPhase;
			buildActionMask = 2147483647;
			files = (
				CFD844EA1DEF689E009E05C3 /* LaunchScreen.storyboard in Resources */,
				CFD844E71DEF689E009E05C3 /* Assets.xcassets in Resources */,
				CFD844E21DEF689E009E05C3 /* Main.storyboard in Resources */,
			);
			runOnlyForDeploymentPostprocessing = 0;
		};
/* End PBXResourcesBuildPhase section */

/* Begin PBXSourcesBuildPhase section */
		CFD844D51DEF689D009E05C3 /* Sources */ = {
			isa = PBXSourcesBuildPhase;
			buildActionMask = 2147483647;
			files = (
				CF9C55201DF749DA009567AE /* MemeImage.swift in Sources */,
				CF88026F1DF1BF24004504C0 /* BottomTxtDelegate.swift in Sources */,
				CFD844DF1DEF689E009E05C3 /* MemeEditorViewController.swift in Sources */,
				CF0F598A1E2EC04900302C28 /* MemeTableViewController.swift in Sources */,
				CF88026D1DF1BBA9004504C0 /* TopTxtDelegate.swift in Sources */,
				CF8F5D341E2D53EF0099F569 /* MemeCollectionCell.swift in Sources */,
				CF8F5D321E2D4D790099F569 /* MemeCollectionViewController.swift in Sources */,
				CFD844DD1DEF689E009E05C3 /* AppDelegate.swift in Sources */,
				CF0F598C1E2EC16600302C28 /* MemeTableCell.swift in Sources */,
			);
			runOnlyForDeploymentPostprocessing = 0;
		};
/* End PBXSourcesBuildPhase section */

/* Begin PBXVariantGroup section */
		CFD844E01DEF689E009E05C3 /* Main.storyboard */ = {
			isa = PBXVariantGroup;
			children = (
				CFD844E11DEF689E009E05C3 /* Base */,
			);
			name = Main.storyboard;
			sourceTree = "<group>";
		};
		CFD844E81DEF689E009E05C3 /* LaunchScreen.storyboard */ = {
			isa = PBXVariantGroup;
			children = (
				CFD844E91DEF689E009E05C3 /* Base */,
			);
			name = LaunchScreen.storyboard;
			sourceTree = "<group>";
		};
/* End PBXVariantGroup section */

/* Begin XCBuildConfiguration section */
		CFD844EC1DEF689E009E05C3 /* Debug */ = {
			isa = XCBuildConfiguration;
			buildSettings = {
				ALWAYS_SEARCH_USER_PATHS = NO;
				CLANG_ANALYZER_NONNULL = YES;
				CLANG_CXX_LANGUAGE_STANDARD = "gnu++0x";
				CLANG_CXX_LIBRARY = "libc++";
				CLANG_ENABLE_MODULES = YES;
				CLANG_ENABLE_OBJC_ARC = YES;
				CLANG_WARN_BOOL_CONVERSION = YES;
				CLANG_WARN_CONSTANT_CONVERSION = YES;
				CLANG_WARN_DIRECT_OBJC_ISA_USAGE = YES_ERROR;
				CLANG_WARN_DOCUMENTATION_COMMENTS = YES;
				CLANG_WARN_EMPTY_BODY = YES;
				CLANG_WARN_ENUM_CONVERSION = YES;
				CLANG_WARN_INFINITE_RECURSION = YES;
				CLANG_WARN_INT_CONVERSION = YES;
				CLANG_WARN_OBJC_ROOT_CLASS = YES_ERROR;
				CLANG_WARN_SUSPICIOUS_MOVE = YES;
				CLANG_WARN_SUSPICIOUS_MOVES = YES;
				CLANG_WARN_UNREACHABLE_CODE = YES;
				CLANG_WARN__DUPLICATE_METHOD_MATCH = YES;
				"CODE_SIGN_IDENTITY[sdk=iphoneos*]" = "iPhone Developer";
				COPY_PHASE_STRIP = NO;
				DEBUG_INFORMATION_FORMAT = dwarf;
				ENABLE_STRICT_OBJC_MSGSEND = YES;
				ENABLE_TESTABILITY = YES;
				GCC_C_LANGUAGE_STANDARD = gnu99;
				GCC_DYNAMIC_NO_PIC = NO;
				GCC_NO_COMMON_BLOCKS = YES;
				GCC_OPTIMIZATION_LEVEL = 0;
				GCC_PREPROCESSOR_DEFINITIONS = (
					"DEBUG=1",
					"$(inherited)",
				);
				GCC_WARN_64_TO_32_BIT_CONVERSION = YES;
				GCC_WARN_ABOUT_RETURN_TYPE = YES_ERROR;
				GCC_WARN_UNDECLARED_SELECTOR = YES;
				GCC_WARN_UNINITIALIZED_AUTOS = YES_AGGRESSIVE;
				GCC_WARN_UNUSED_FUNCTION = YES;
				GCC_WARN_UNUSED_VARIABLE = YES;
				IPHONEOS_DEPLOYMENT_TARGET = 10.2;
				MTL_ENABLE_DEBUG_INFO = YES;
				ONLY_ACTIVE_ARCH = YES;
				SDKROOT = iphoneos;
				SWIFT_ACTIVE_COMPILATION_CONDITIONS = DEBUG;
				SWIFT_OPTIMIZATION_LEVEL = "-Onone";
			};
			name = Debug;
		};
		CFD844ED1DEF689E009E05C3 /* Release */ = {
			isa = XCBuildConfiguration;
			buildSettings = {
				ALWAYS_SEARCH_USER_PATHS = NO;
				CLANG_ANALYZER_NONNULL = YES;
				CLANG_CXX_LANGUAGE_STANDARD = "gnu++0x";
				CLANG_CXX_LIBRARY = "libc++";
				CLANG_ENABLE_MODULES = YES;
				CLANG_ENABLE_OBJC_ARC = YES;
				CLANG_WARN_BOOL_CONVERSION = YES;
				CLANG_WARN_CONSTANT_CONVERSION = YES;
				CLANG_WARN_DIRECT_OBJC_ISA_USAGE = YES_ERROR;
				CLANG_WARN_DOCUMENTATION_COMMENTS = YES;
				CLANG_WARN_EMPTY_BODY = YES;
				CLANG_WARN_ENUM_CONVERSION = YES;
				CLANG_WARN_INFINITE_RECURSION = YES;
				CLANG_WARN_INT_CONVERSION = YES;
				CLANG_WARN_OBJC_ROOT_CLASS = YES_ERROR;
				CLANG_WARN_SUSPICIOUS_MOVE = YES;
				CLANG_WARN_SUSPICIOUS_MOVES = YES;
				CLANG_WARN_UNREACHABLE_CODE = YES;
				CLANG_WARN__DUPLICATE_METHOD_MATCH = YES;
				"CODE_SIGN_IDENTITY[sdk=iphoneos*]" = "iPhone Developer";
				COPY_PHASE_STRIP = NO;
				DEBUG_INFORMATION_FORMAT = "dwarf-with-dsym";
				ENABLE_NS_ASSERTIONS = NO;
				ENABLE_STRICT_OBJC_MSGSEND = YES;
				GCC_C_LANGUAGE_STANDARD = gnu99;
				GCC_NO_COMMON_BLOCKS = YES;
				GCC_WARN_64_TO_32_BIT_CONVERSION = YES;
				GCC_WARN_ABOUT_RETURN_TYPE = YES_ERROR;
				GCC_WARN_UNDECLARED_SELECTOR = YES;
				GCC_WARN_UNINITIALIZED_AUTOS = YES_AGGRESSIVE;
				GCC_WARN_UNUSED_FUNCTION = YES;
				GCC_WARN_UNUSED_VARIABLE = YES;
				IPHONEOS_DEPLOYMENT_TARGET = 10.2;
				MTL_ENABLE_DEBUG_INFO = NO;
				SDKROOT = iphoneos;
				SWIFT_OPTIMIZATION_LEVEL = "-Owholemodule";
				VALIDATE_PRODUCT = YES;
			};
			name = Release;
		};
		CFD844EF1DEF689E009E05C3 /* Debug */ = {
			isa = XCBuildConfiguration;
			buildSettings = {
				ASSETCATALOG_COMPILER_APPICON_NAME = AppIcon;
				DEVELOPMENT_TEAM = JPBHGPUH5K;
				EMBED_ASSET_PACKS_IN_PRODUCT_BUNDLE = NO;
				INFOPLIST_FILE = "MemeMe-2_0/Info.plist";
				IPHONEOS_DEPLOYMENT_TARGET = 10.2;
				LD_RUNPATH_SEARCH_PATHS = "$(inherited) @executable_path/Frameworks";
				PRODUCT_BUNDLE_IDENTIFIER = "Huffaker-Consulting--LLC.MemeMe-2-0";
				PRODUCT_NAME = "$(TARGET_NAME)";
				SWIFT_VERSION = 3.0;
			};
			name = Debug;
		};
		CFD844F01DEF689E009E05C3 /* Release */ = {
			isa = XCBuildConfiguration;
			buildSettings = {
				ASSETCATALOG_COMPILER_APPICON_NAME = AppIcon;
				DEVELOPMENT_TEAM = JPBHGPUH5K;
				EMBED_ASSET_PACKS_IN_PRODUCT_BUNDLE = NO;
				INFOPLIST_FILE = "MemeMe-2_0/Info.plist";
				IPHONEOS_DEPLOYMENT_TARGET = 10.2;
				LD_RUNPATH_SEARCH_PATHS = "$(inherited) @executable_path/Frameworks";
				PRODUCT_BUNDLE_IDENTIFIER = "Huffaker-Consulting--LLC.MemeMe-2-0";
				PRODUCT_NAME = "$(TARGET_NAME)";
				SWIFT_VERSION = 3.0;
			};
			name = Release;
		};
/* End XCBuildConfiguration section */

/* Begin XCConfigurationList section */
		CFD844D41DEF689D009E05C3 /* Build configuration list for PBXProject "MemeMe-2_0" */ = {
			isa = XCConfigurationList;
			buildConfigurations = (
				CFD844EC1DEF689E009E05C3 /* Debug */,
				CFD844ED1DEF689E009E05C3 /* Release */,
			);
			defaultConfigurationIsVisible = 0;
			defaultConfigurationName = Release;
		};
		CFD844EE1DEF689E009E05C3 /* Build configuration list for PBXNativeTarget "MemeMe-2_0" */ = {
			isa = XCConfigurationList;
			buildConfigurations = (
				CFD844EF1DEF689E009E05C3 /* Debug */,
				CFD844F01DEF689E009E05C3 /* Release */,
			);
			defaultConfigurationIsVisible = 0;
			defaultConfigurationName = Release;
		};
/* End XCConfigurationList section */
	};
	rootObject = CFD844D11DEF689D009E05C3 /* Project object */;
}
